// !$*UTF8*$!
{
	archiveVersion = 1;
	classes = {
	};
	objectVersion = 50;
	objects = {

/* Begin PBXBuildFile section */
		1807BA512125DF9E0008744B /* EdgeInsetLabel.swift in Sources */ = {isa = PBXBuildFile; fileRef = 1807BA4B2124ADD00008744B /* EdgeInsetLabel.swift */; };
		18BA19A021246A1700F44F3C /* AppDelegate.swift in Sources */ = {isa = PBXBuildFile; fileRef = 18BA199F21246A1700F44F3C /* AppDelegate.swift */; };
		18BA19A521246A1700F44F3C /* Main.storyboard in Resources */ = {isa = PBXBuildFile; fileRef = 18BA19A321246A1700F44F3C /* Main.storyboard */; };
		18BA19A821246A1700F44F3C /* Tabs.xcdatamodeld in Sources */ = {isa = PBXBuildFile; fileRef = 18BA19A621246A1700F44F3C /* Tabs.xcdatamodeld */; };
		18BA19AA21246A1900F44F3C /* Assets.xcassets in Resources */ = {isa = PBXBuildFile; fileRef = 18BA19A921246A1900F44F3C /* Assets.xcassets */; };
		18BA19AD21246A1900F44F3C /* LaunchScreen.storyboard in Resources */ = {isa = PBXBuildFile; fileRef = 18BA19AB21246A1900F44F3C /* LaunchScreen.storyboard */; };
		18BA19B821246A1900F44F3C /* TabsTests.swift in Sources */ = {isa = PBXBuildFile; fileRef = 18BA19B721246A1900F44F3C /* TabsTests.swift */; };
		18BA19C321246A1900F44F3C /* TabsUITests.swift in Sources */ = {isa = PBXBuildFile; fileRef = 18BA19C221246A1900F44F3C /* TabsUITests.swift */; };
		18BA19D121248C0E00F44F3C /* HomeViewController.swift in Sources */ = {isa = PBXBuildFile; fileRef = 18BA19D021248C0E00F44F3C /* HomeViewController.swift */; };
		18BA19D321248C7900F44F3C /* StoriesViewController.swift in Sources */ = {isa = PBXBuildFile; fileRef = 18BA19D221248C7900F44F3C /* StoriesViewController.swift */; };
		18BA19D521248CC600F44F3C /* AdviceViewController.swift in Sources */ = {isa = PBXBuildFile; fileRef = 18BA19D421248CC600F44F3C /* AdviceViewController.swift */; };
		18BA19D721248CF300F44F3C /* ResourcesViewController.swift in Sources */ = {isa = PBXBuildFile; fileRef = 18BA19D621248CF300F44F3C /* ResourcesViewController.swift */; };
		18BA19D921248D0E00F44F3C /* MapViewController.swift in Sources */ = {isa = PBXBuildFile; fileRef = 18BA19D821248D0E00F44F3C /* MapViewController.swift */; };
		18BA19DD2124919700F44F3C /* RoundButton.swift in Sources */ = {isa = PBXBuildFile; fileRef = 18BA19DC2124919700F44F3C /* RoundButton.swift */; };
		C2E252BC21268FDC0018FDAA /* fonts in Resources */ = {isa = PBXBuildFile; fileRef = C2E252BB21268FDC0018FDAA /* fonts */; };
/* End PBXBuildFile section */

/* Begin PBXContainerItemProxy section */
		18BA19B421246A1900F44F3C /* PBXContainerItemProxy */ = {
			isa = PBXContainerItemProxy;
			containerPortal = 18BA199421246A1700F44F3C /* Project object */;
			proxyType = 1;
			remoteGlobalIDString = 18BA199B21246A1700F44F3C;
			remoteInfo = Tabs;
		};
		18BA19BF21246A1900F44F3C /* PBXContainerItemProxy */ = {
			isa = PBXContainerItemProxy;
			containerPortal = 18BA199421246A1700F44F3C /* Project object */;
			proxyType = 1;
			remoteGlobalIDString = 18BA199B21246A1700F44F3C;
			remoteInfo = Tabs;
		};
/* End PBXContainerItemProxy section */

/* Begin PBXFileReference section */
		1807BA4B2124ADD00008744B /* EdgeInsetLabel.swift */ = {isa = PBXFileReference; lastKnownFileType = sourcecode.swift; path = EdgeInsetLabel.swift; sourceTree = "<group>"; };
		18BA199C21246A1700F44F3C /* Tabs.app */ = {isa = PBXFileReference; explicitFileType = wrapper.application; includeInIndex = 0; path = Tabs.app; sourceTree = BUILT_PRODUCTS_DIR; };
		18BA199F21246A1700F44F3C /* AppDelegate.swift */ = {isa = PBXFileReference; lastKnownFileType = sourcecode.swift; path = AppDelegate.swift; sourceTree = "<group>"; };
		18BA19A421246A1700F44F3C /* Base */ = {isa = PBXFileReference; lastKnownFileType = file.storyboard; name = Base; path = Base.lproj/Main.storyboard; sourceTree = "<group>"; };
		18BA19A721246A1700F44F3C /* Tabs.xcdatamodel */ = {isa = PBXFileReference; lastKnownFileType = wrapper.xcdatamodel; path = Tabs.xcdatamodel; sourceTree = "<group>"; };
		18BA19A921246A1900F44F3C /* Assets.xcassets */ = {isa = PBXFileReference; lastKnownFileType = folder.assetcatalog; path = Assets.xcassets; sourceTree = "<group>"; };
		18BA19AC21246A1900F44F3C /* Base */ = {isa = PBXFileReference; lastKnownFileType = file.storyboard; name = Base; path = Base.lproj/LaunchScreen.storyboard; sourceTree = "<group>"; };
		18BA19AE21246A1900F44F3C /* Info.plist */ = {isa = PBXFileReference; lastKnownFileType = text.plist.xml; path = Info.plist; sourceTree = "<group>"; };
		18BA19B321246A1900F44F3C /* TabsTests.xctest */ = {isa = PBXFileReference; explicitFileType = wrapper.cfbundle; includeInIndex = 0; path = TabsTests.xctest; sourceTree = BUILT_PRODUCTS_DIR; };
		18BA19B721246A1900F44F3C /* TabsTests.swift */ = {isa = PBXFileReference; lastKnownFileType = sourcecode.swift; path = TabsTests.swift; sourceTree = "<group>"; };
		18BA19B921246A1900F44F3C /* Info.plist */ = {isa = PBXFileReference; lastKnownFileType = text.plist.xml; path = Info.plist; sourceTree = "<group>"; };
		18BA19BE21246A1900F44F3C /* TabsUITests.xctest */ = {isa = PBXFileReference; explicitFileType = wrapper.cfbundle; includeInIndex = 0; path = TabsUITests.xctest; sourceTree = BUILT_PRODUCTS_DIR; };
		18BA19C221246A1900F44F3C /* TabsUITests.swift */ = {isa = PBXFileReference; lastKnownFileType = sourcecode.swift; path = TabsUITests.swift; sourceTree = "<group>"; };
		18BA19C421246A1900F44F3C /* Info.plist */ = {isa = PBXFileReference; lastKnownFileType = text.plist.xml; path = Info.plist; sourceTree = "<group>"; };
		18BA19D021248C0E00F44F3C /* HomeViewController.swift */ = {isa = PBXFileReference; lastKnownFileType = sourcecode.swift; path = HomeViewController.swift; sourceTree = "<group>"; };
		18BA19D221248C7900F44F3C /* StoriesViewController.swift */ = {isa = PBXFileReference; lastKnownFileType = sourcecode.swift; path = StoriesViewController.swift; sourceTree = "<group>"; };
		18BA19D421248CC600F44F3C /* AdviceViewController.swift */ = {isa = PBXFileReference; lastKnownFileType = sourcecode.swift; path = AdviceViewController.swift; sourceTree = "<group>"; };
		18BA19D621248CF300F44F3C /* ResourcesViewController.swift */ = {isa = PBXFileReference; lastKnownFileType = sourcecode.swift; path = ResourcesViewController.swift; sourceTree = "<group>"; };
		18BA19D821248D0E00F44F3C /* MapViewController.swift */ = {isa = PBXFileReference; lastKnownFileType = sourcecode.swift; path = MapViewController.swift; sourceTree = "<group>"; };
		18BA19DC2124919700F44F3C /* RoundButton.swift */ = {isa = PBXFileReference; lastKnownFileType = sourcecode.swift; path = RoundButton.swift; sourceTree = "<group>"; };
		C2E252BB21268FDC0018FDAA /* fonts */ = {isa = PBXFileReference; lastKnownFileType = folder; path = fonts; sourceTree = "<group>"; };
/* End PBXFileReference section */

/* Begin PBXFrameworksBuildPhase section */
		18BA199921246A1700F44F3C /* Frameworks */ = {
			isa = PBXFrameworksBuildPhase;
			buildActionMask = 2147483647;
			files = (
			);
			runOnlyForDeploymentPostprocessing = 0;
		};
		18BA19B021246A1900F44F3C /* Frameworks */ = {
			isa = PBXFrameworksBuildPhase;
			buildActionMask = 2147483647;
			files = (
			);
			runOnlyForDeploymentPostprocessing = 0;
		};
		18BA19BB21246A1900F44F3C /* Frameworks */ = {
			isa = PBXFrameworksBuildPhase;
			buildActionMask = 2147483647;
			files = (
			);
			runOnlyForDeploymentPostprocessing = 0;
		};
/* End PBXFrameworksBuildPhase section */

/* Begin PBXGroup section */
		18BA199321246A1700F44F3C = {
			isa = PBXGroup;
			children = (
				18BA199E21246A1700F44F3C /* Tabs */,
				18BA19B621246A1900F44F3C /* TabsTests */,
				18BA19C121246A1900F44F3C /* TabsUITests */,
				18BA199D21246A1700F44F3C /* Products */,
			);
			sourceTree = "<group>";
		};
		18BA199D21246A1700F44F3C /* Products */ = {
			isa = PBXGroup;
			children = (
				18BA199C21246A1700F44F3C /* Tabs.app */,
				18BA19B321246A1900F44F3C /* TabsTests.xctest */,
				18BA19BE21246A1900F44F3C /* TabsUITests.xctest */,
			);
			name = Products;
			sourceTree = "<group>";
		};
		18BA199E21246A1700F44F3C /* Tabs */ = {
			isa = PBXGroup;
			children = (
				18BA199F21246A1700F44F3C /* AppDelegate.swift */,
				18BA19A321246A1700F44F3C /* Main.storyboard */,
				18BA19A921246A1900F44F3C /* Assets.xcassets */,
				18BA19AB21246A1900F44F3C /* LaunchScreen.storyboard */,
				18BA19AE21246A1900F44F3C /* Info.plist */,
				18BA19A621246A1700F44F3C /* Tabs.xcdatamodeld */,
				18BA19D021248C0E00F44F3C /* HomeViewController.swift */,
				18BA19D221248C7900F44F3C /* StoriesViewController.swift */,
				18BA19D421248CC600F44F3C /* AdviceViewController.swift */,
				18BA19D621248CF300F44F3C /* ResourcesViewController.swift */,
				18BA19D821248D0E00F44F3C /* MapViewController.swift */,
				18BA19DC2124919700F44F3C /* RoundButton.swift */,
				1807BA4B2124ADD00008744B /* EdgeInsetLabel.swift */,
				C2E252BB21268FDC0018FDAA /* fonts */,
			);
			path = Tabs;
			sourceTree = "<group>";
		};
		18BA19B621246A1900F44F3C /* TabsTests */ = {
			isa = PBXGroup;
			children = (
				18BA19B721246A1900F44F3C /* TabsTests.swift */,
				18BA19B921246A1900F44F3C /* Info.plist */,
			);
			path = TabsTests;
			sourceTree = "<group>";
		};
		18BA19C121246A1900F44F3C /* TabsUITests */ = {
			isa = PBXGroup;
			children = (
				18BA19C221246A1900F44F3C /* TabsUITests.swift */,
				18BA19C421246A1900F44F3C /* Info.plist */,
			);
			path = TabsUITests;
			sourceTree = "<group>";
		};
/* End PBXGroup section */

/* Begin PBXNativeTarget section */
		18BA199B21246A1700F44F3C /* Tabs */ = {
			isa = PBXNativeTarget;
			buildConfigurationList = 18BA19C721246A1900F44F3C /* Build configuration list for PBXNativeTarget "Tabs" */;
			buildPhases = (
				18BA199821246A1700F44F3C /* Sources */,
				18BA199921246A1700F44F3C /* Frameworks */,
				18BA199A21246A1700F44F3C /* Resources */,
			);
			buildRules = (
			);
			dependencies = (
			);
			name = Tabs;
			productName = Tabs;
			productReference = 18BA199C21246A1700F44F3C /* Tabs.app */;
			productType = "com.apple.product-type.application";
		};
		18BA19B221246A1900F44F3C /* TabsTests */ = {
			isa = PBXNativeTarget;
			buildConfigurationList = 18BA19CA21246A1900F44F3C /* Build configuration list for PBXNativeTarget "TabsTests" */;
			buildPhases = (
				18BA19AF21246A1900F44F3C /* Sources */,
				18BA19B021246A1900F44F3C /* Frameworks */,
				18BA19B121246A1900F44F3C /* Resources */,
			);
			buildRules = (
			);
			dependencies = (
				18BA19B521246A1900F44F3C /* PBXTargetDependency */,
			);
			name = TabsTests;
			productName = TabsTests;
			productReference = 18BA19B321246A1900F44F3C /* TabsTests.xctest */;
			productType = "com.apple.product-type.bundle.unit-test";
		};
		18BA19BD21246A1900F44F3C /* TabsUITests */ = {
			isa = PBXNativeTarget;
			buildConfigurationList = 18BA19CD21246A1900F44F3C /* Build configuration list for PBXNativeTarget "TabsUITests" */;
			buildPhases = (
				18BA19BA21246A1900F44F3C /* Sources */,
				18BA19BB21246A1900F44F3C /* Frameworks */,
				18BA19BC21246A1900F44F3C /* Resources */,
			);
			buildRules = (
			);
			dependencies = (
				18BA19C021246A1900F44F3C /* PBXTargetDependency */,
			);
			name = TabsUITests;
			productName = TabsUITests;
			productReference = 18BA19BE21246A1900F44F3C /* TabsUITests.xctest */;
			productType = "com.apple.product-type.bundle.ui-testing";
		};
/* End PBXNativeTarget section */

/* Begin PBXProject section */
		18BA199421246A1700F44F3C /* Project object */ = {
			isa = PBXProject;
			attributes = {
				LastSwiftUpdateCheck = 0940;
				LastUpgradeCheck = 0940;
				ORGANIZATIONNAME = Victoria;
				TargetAttributes = {
					18BA199B21246A1700F44F3C = {
						CreatedOnToolsVersion = 9.4.1;
					};
					18BA19B221246A1900F44F3C = {
						CreatedOnToolsVersion = 9.4.1;
						TestTargetID = 18BA199B21246A1700F44F3C;
					};
					18BA19BD21246A1900F44F3C = {
						CreatedOnToolsVersion = 9.4.1;
						TestTargetID = 18BA199B21246A1700F44F3C;
					};
				};
			};
			buildConfigurationList = 18BA199721246A1700F44F3C /* Build configuration list for PBXProject "Tabs" */;
			compatibilityVersion = "Xcode 9.3";
			developmentRegion = en;
			hasScannedForEncodings = 0;
			knownRegions = (
				en,
				Base,
			);
			mainGroup = 18BA199321246A1700F44F3C;
			productRefGroup = 18BA199D21246A1700F44F3C /* Products */;
			projectDirPath = "";
			projectRoot = "";
			targets = (
				18BA199B21246A1700F44F3C /* Tabs */,
				18BA19B221246A1900F44F3C /* TabsTests */,
				18BA19BD21246A1900F44F3C /* TabsUITests */,
			);
		};
/* End PBXProject section */

/* Begin PBXResourcesBuildPhase section */
		18BA199A21246A1700F44F3C /* Resources */ = {
			isa = PBXResourcesBuildPhase;
			buildActionMask = 2147483647;
			files = (
				18BA19AD21246A1900F44F3C /* LaunchScreen.storyboard in Resources */,
				18BA19AA21246A1900F44F3C /* Assets.xcassets in Resources */,
				C2E252BC21268FDC0018FDAA /* fonts in Resources */,
				18BA19A521246A1700F44F3C /* Main.storyboard in Resources */,
			);
			runOnlyForDeploymentPostprocessing = 0;
		};
		18BA19B121246A1900F44F3C /* Resources */ = {
			isa = PBXResourcesBuildPhase;
			buildActionMask = 2147483647;
			files = (
			);
			runOnlyForDeploymentPostprocessing = 0;
		};
		18BA19BC21246A1900F44F3C /* Resources */ = {
			isa = PBXResourcesBuildPhase;
			buildActionMask = 2147483647;
			files = (
			);
			runOnlyForDeploymentPostprocessing = 0;
		};
/* End PBXResourcesBuildPhase section */

/* Begin PBXSourcesBuildPhase section */
		18BA199821246A1700F44F3C /* Sources */ = {
			isa = PBXSourcesBuildPhase;
			buildActionMask = 2147483647;
			files = (
				1807BA512125DF9E0008744B /* EdgeInsetLabel.swift in Sources */,
				18BA19DD2124919700F44F3C /* RoundButton.swift in Sources */,
				18BA19D721248CF300F44F3C /* ResourcesViewController.swift in Sources */,
				18BA19A821246A1700F44F3C /* Tabs.xcdatamodeld in Sources */,
				18BA19A021246A1700F44F3C /* AppDelegate.swift in Sources */,
				18BA19D321248C7900F44F3C /* StoriesViewController.swift in Sources */,
				18BA19D521248CC600F44F3C /* AdviceViewController.swift in Sources */,
				18BA19D121248C0E00F44F3C /* HomeViewController.swift in Sources */,
				18BA19D921248D0E00F44F3C /* MapViewController.swift in Sources */,
			);
			runOnlyForDeploymentPostprocessing = 0;
		};
		18BA19AF21246A1900F44F3C /* Sources */ = {
			isa = PBXSourcesBuildPhase;
			buildActionMask = 2147483647;
			files = (
				18BA19B821246A1900F44F3C /* TabsTests.swift in Sources */,
			);
			runOnlyForDeploymentPostprocessing = 0;
		};
		18BA19BA21246A1900F44F3C /* Sources */ = {
			isa = PBXSourcesBuildPhase;
			buildActionMask = 2147483647;
			files = (
				18BA19C321246A1900F44F3C /* TabsUITests.swift in Sources */,
			);
			runOnlyForDeploymentPostprocessing = 0;
		};
/* End PBXSourcesBuildPhase section */

/* Begin PBXTargetDependency section */
		18BA19B521246A1900F44F3C /* PBXTargetDependency */ = {
			isa = PBXTargetDependency;
			target = 18BA199B21246A1700F44F3C /* Tabs */;
			targetProxy = 18BA19B421246A1900F44F3C /* PBXContainerItemProxy */;
		};
		18BA19C021246A1900F44F3C /* PBXTargetDependency */ = {
			isa = PBXTargetDependency;
			target = 18BA199B21246A1700F44F3C /* Tabs */;
			targetProxy = 18BA19BF21246A1900F44F3C /* PBXContainerItemProxy */;
		};
/* End PBXTargetDependency section */

/* Begin PBXVariantGroup section */
		18BA19A321246A1700F44F3C /* Main.storyboard */ = {
			isa = PBXVariantGroup;
			children = (
				18BA19A421246A1700F44F3C /* Base */,
			);
			name = Main.storyboard;
			sourceTree = "<group>";
		};
		18BA19AB21246A1900F44F3C /* LaunchScreen.storyboard */ = {
			isa = PBXVariantGroup;
			children = (
				18BA19AC21246A1900F44F3C /* Base */,
			);
			name = LaunchScreen.storyboard;
			sourceTree = "<group>";
		};
/* End PBXVariantGroup section */

/* Begin XCBuildConfiguration section */
		18BA19C521246A1900F44F3C /* Debug */ = {
			isa = XCBuildConfiguration;
			buildSettings = {
				ALWAYS_SEARCH_USER_PATHS = NO;
				CLANG_ANALYZER_NONNULL = YES;
				CLANG_ANALYZER_NUMBER_OBJECT_CONVERSION = YES_AGGRESSIVE;
				CLANG_CXX_LANGUAGE_STANDARD = "gnu++14";
				CLANG_CXX_LIBRARY = "libc++";
				CLANG_ENABLE_MODULES = YES;
				CLANG_ENABLE_OBJC_ARC = YES;
				CLANG_ENABLE_OBJC_WEAK = YES;
				CLANG_WARN_BLOCK_CAPTURE_AUTORELEASING = YES;
				CLANG_WARN_BOOL_CONVERSION = YES;
				CLANG_WARN_COMMA = YES;
				CLANG_WARN_CONSTANT_CONVERSION = YES;
				CLANG_WARN_DEPRECATED_OBJC_IMPLEMENTATIONS = YES;
				CLANG_WARN_DIRECT_OBJC_ISA_USAGE = YES_ERROR;
				CLANG_WARN_DOCUMENTATION_COMMENTS = YES;
				CLANG_WARN_EMPTY_BODY = YES;
				CLANG_WARN_ENUM_CONVERSION = YES;
				CLANG_WARN_INFINITE_RECURSION = YES;
				CLANG_WARN_INT_CONVERSION = YES;
				CLANG_WARN_NON_LITERAL_NULL_CONVERSION = YES;
				CLANG_WARN_OBJC_IMPLICIT_RETAIN_SELF = YES;
				CLANG_WARN_OBJC_LITERAL_CONVERSION = YES;
				CLANG_WARN_OBJC_ROOT_CLASS = YES_ERROR;
				CLANG_WARN_RANGE_LOOP_ANALYSIS = YES;
				CLANG_WARN_STRICT_PROTOTYPES = YES;
				CLANG_WARN_SUSPICIOUS_MOVE = YES;
				CLANG_WARN_UNGUARDED_AVAILABILITY = YES_AGGRESSIVE;
				CLANG_WARN_UNREACHABLE_CODE = YES;
				CLANG_WARN__DUPLICATE_METHOD_MATCH = YES;
				CODE_SIGN_IDENTITY = "iPhone Developer";
				COPY_PHASE_STRIP = NO;
				DEBUG_INFORMATION_FORMAT = dwarf;
				ENABLE_STRICT_OBJC_MSGSEND = YES;
				ENABLE_TESTABILITY = YES;
				GCC_C_LANGUAGE_STANDARD = gnu11;
				GCC_DYNAMIC_NO_PIC = NO;
				GCC_NO_COMMON_BLOCKS = YES;
				GCC_OPTIMIZATION_LEVEL = 0;
				GCC_PREPROCESSOR_DEFINITIONS = (
					"DEBUG=1",
					"$(inherited)",
				);
				GCC_WARN_64_TO_32_BIT_CONVERSION = YES;
				GCC_WARN_ABOUT_RETURN_TYPE = YES_ERROR;
				GCC_WARN_UNDECLARED_SELECTOR = YES;
				GCC_WARN_UNINITIALIZED_AUTOS = YES_AGGRESSIVE;
				GCC_WARN_UNUSED_FUNCTION = YES;
				GCC_WARN_UNUSED_VARIABLE = YES;
				IPHONEOS_DEPLOYMENT_TARGET = 11.4;
				MTL_ENABLE_DEBUG_INFO = YES;
				ONLY_ACTIVE_ARCH = YES;
				SDKROOT = iphoneos;
				SWIFT_ACTIVE_COMPILATION_CONDITIONS = DEBUG;
				SWIFT_OPTIMIZATION_LEVEL = "-Onone";
			};
			name = Debug;
		};
		18BA19C621246A1900F44F3C /* Release */ = {
			isa = XCBuildConfiguration;
			buildSettings = {
				ALWAYS_SEARCH_USER_PATHS = NO;
				CLANG_ANALYZER_NONNULL = YES;
				CLANG_ANALYZER_NUMBER_OBJECT_CONVERSION = YES_AGGRESSIVE;
				CLANG_CXX_LANGUAGE_STANDARD = "gnu++14";
				CLANG_CXX_LIBRARY = "libc++";
				CLANG_ENABLE_MODULES = YES;
				CLANG_ENABLE_OBJC_ARC = YES;
				CLANG_ENABLE_OBJC_WEAK = YES;
				CLANG_WARN_BLOCK_CAPTURE_AUTORELEASING = YES;
				CLANG_WARN_BOOL_CONVERSION = YES;
				CLANG_WARN_COMMA = YES;
				CLANG_WARN_CONSTANT_CONVERSION = YES;
				CLANG_WARN_DEPRECATED_OBJC_IMPLEMENTATIONS = YES;
				CLANG_WARN_DIRECT_OBJC_ISA_USAGE = YES_ERROR;
				CLANG_WARN_DOCUMENTATION_COMMENTS = YES;
				CLANG_WARN_EMPTY_BODY = YES;
				CLANG_WARN_ENUM_CONVERSION = YES;
				CLANG_WARN_INFINITE_RECURSION = YES;
				CLANG_WARN_INT_CONVERSION = YES;
				CLANG_WARN_NON_LITERAL_NULL_CONVERSION = YES;
				CLANG_WARN_OBJC_IMPLICIT_RETAIN_SELF = YES;
				CLANG_WARN_OBJC_LITERAL_CONVERSION = YES;
				CLANG_WARN_OBJC_ROOT_CLASS = YES_ERROR;
				CLANG_WARN_RANGE_LOOP_ANALYSIS = YES;
				CLANG_WARN_STRICT_PROTOTYPES = YES;
				CLANG_WARN_SUSPICIOUS_MOVE = YES;
				CLANG_WARN_UNGUARDED_AVAILABILITY = YES_AGGRESSIVE;
				CLANG_WARN_UNREACHABLE_CODE = YES;
				CLANG_WARN__DUPLICATE_METHOD_MATCH = YES;
				CODE_SIGN_IDENTITY = "iPhone Developer";
				COPY_PHASE_STRIP = NO;
				DEBUG_INFORMATION_FORMAT = "dwarf-with-dsym";
				ENABLE_NS_ASSERTIONS = NO;
				ENABLE_STRICT_OBJC_MSGSEND = YES;
				GCC_C_LANGUAGE_STANDARD = gnu11;
				GCC_NO_COMMON_BLOCKS = YES;
				GCC_WARN_64_TO_32_BIT_CONVERSION = YES;
				GCC_WARN_ABOUT_RETURN_TYPE = YES_ERROR;
				GCC_WARN_UNDECLARED_SELECTOR = YES;
				GCC_WARN_UNINITIALIZED_AUTOS = YES_AGGRESSIVE;
				GCC_WARN_UNUSED_FUNCTION = YES;
				GCC_WARN_UNUSED_VARIABLE = YES;
				IPHONEOS_DEPLOYMENT_TARGET = 11.4;
				MTL_ENABLE_DEBUG_INFO = NO;
				SDKROOT = iphoneos;
				SWIFT_COMPILATION_MODE = wholemodule;
				SWIFT_OPTIMIZATION_LEVEL = "-O";
				VALIDATE_PRODUCT = YES;
			};
			name = Release;
		};
		18BA19C821246A1900F44F3C /* Debug */ = {
			isa = XCBuildConfiguration;
			buildSettings = {
				ASSETCATALOG_COMPILER_APPICON_NAME = AppIcon;
				CODE_SIGN_STYLE = Automatic;
				DEVELOPMENT_TEAM = Z4FPUD756C;
				INFOPLIST_FILE = Tabs/Info.plist;
				LD_RUNPATH_SEARCH_PATHS = (
					"$(inherited)",
					"@executable_path/Frameworks",
				);
				PRODUCT_BUNDLE_IDENTIFIER = com.Victoria.Tabs;
				PRODUCT_NAME = "$(TARGET_NAME)";
				SWIFT_VERSION = 4.0;
				TARGETED_DEVICE_FAMILY = "1,2";
			};
			name = Debug;
		};
		18BA19C921246A1900F44F3C /* Release */ = {
			isa = XCBuildConfiguration;
			buildSettings = {
				ASSETCATALOG_COMPILER_APPICON_NAME = AppIcon;
				CODE_SIGN_STYLE = Automatic;
				DEVELOPMENT_TEAM = Z4FPUD756C;
				INFOPLIST_FILE = Tabs/Info.plist;
				LD_RUNPATH_SEARCH_PATHS = (
					"$(inherited)",
					"@executable_path/Frameworks",
				);
				PRODUCT_BUNDLE_IDENTIFIER = com.Victoria.Tabs;
				PRODUCT_NAME = "$(TARGET_NAME)";
				SWIFT_VERSION = 4.0;
				TARGETED_DEVICE_FAMILY = "1,2";
			};
			name = Release;
		};
		18BA19CB21246A1900F44F3C /* Debug */ = {
			isa = XCBuildConfiguration;
			buildSettings = {
				ALWAYS_EMBED_SWIFT_STANDARD_LIBRARIES = YES;
				BUNDLE_LOADER = "$(TEST_HOST)";
				CODE_SIGN_STYLE = Automatic;
				DEVELOPMENT_TEAM = Z4FPUD756C;
				INFOPLIST_FILE = TabsTests/Info.plist;
				LD_RUNPATH_SEARCH_PATHS = (
					"$(inherited)",
					"@executable_path/Frameworks",
					"@loader_path/Frameworks",
				);
				PRODUCT_BUNDLE_IDENTIFIER = com.Victoria.TabsTests;
				PRODUCT_NAME = "$(TARGET_NAME)";
				SWIFT_VERSION = 4.0;
				TARGETED_DEVICE_FAMILY = "1,2";
				TEST_HOST = "$(BUILT_PRODUCTS_DIR)/Tabs.app/Tabs";
			};
			name = Debug;
		};
		18BA19CC21246A1900F44F3C /* Release */ = {
			isa = XCBuildConfiguration;
			buildSettings = {
				ALWAYS_EMBED_SWIFT_STANDARD_LIBRARIES = YES;
				BUNDLE_LOADER = "$(TEST_HOST)";
				CODE_SIGN_STYLE = Automatic;
				DEVELOPMENT_TEAM = Z4FPUD756C;
				INFOPLIST_FILE = TabsTests/Info.plist;
				LD_RUNPATH_SEARCH_PATHS = (
					"$(inherited)",
					"@executable_path/Frameworks",
					"@loader_path/Frameworks",
				);
				PRODUCT_BUNDLE_IDENTIFIER = com.Victoria.TabsTests;
				PRODUCT_NAME = "$(TARGET_NAME)";
				SWIFT_VERSION = 4.0;
				TARGETED_DEVICE_FAMILY = "1,2";
				TEST_HOST = "$(BUILT_PRODUCTS_DIR)/Tabs.app/Tabs";
			};
			name = Release;
		};
		18BA19CE21246A1900F44F3C /* Debug */ = {
			isa = XCBuildConfiguration;
			buildSettings = {
				ALWAYS_EMBED_SWIFT_STANDARD_LIBRARIES = YES;
				CODE_SIGN_STYLE = Automatic;
				DEVELOPMENT_TEAM = Z4FPUD756C;
				INFOPLIST_FILE = TabsUITests/Info.plist;
				LD_RUNPATH_SEARCH_PATHS = (
					"$(inherited)",
					"@executable_path/Frameworks",
					"@loader_path/Frameworks",
				);
				PRODUCT_BUNDLE_IDENTIFIER = com.Victoria.TabsUITests;
				PRODUCT_NAME = "$(TARGET_NAME)";
				SWIFT_VERSION = 4.0;
				TARGETED_DEVICE_FAMILY = "1,2";
				TEST_TARGET_NAME = Tabs;
			};
			name = Debug;
		};
		18BA19CF21246A1900F44F3C /* Release */ = {
			isa = XCBuildConfiguration;
			buildSettings = {
				ALWAYS_EMBED_SWIFT_STANDARD_LIBRARIES = YES;
				CODE_SIGN_STYLE = Automatic;
				DEVELOPMENT_TEAM = Z4FPUD756C;
				INFOPLIST_FILE = TabsUITests/Info.plist;
				LD_RUNPATH_SEARCH_PATHS = (
					"$(inherited)",
					"@executable_path/Frameworks",
					"@loader_path/Frameworks",
				);
				PRODUCT_BUNDLE_IDENTIFIER = com.Victoria.TabsUITests;
				PRODUCT_NAME = "$(TARGET_NAME)";
				SWIFT_VERSION = 4.0;
				TARGETED_DEVICE_FAMILY = "1,2";
				TEST_TARGET_NAME = Tabs;
			};
			name = Release;
		};
/* End XCBuildConfiguration section */

/* Begin XCConfigurationList section */
		18BA199721246A1700F44F3C /* Build configuration list for PBXProject "Tabs" */ = {
			isa = XCConfigurationList;
			buildConfigurations = (
				18BA19C521246A1900F44F3C /* Debug */,
				18BA19C621246A1900F44F3C /* Release */,
			);
			defaultConfigurationIsVisible = 0;
			defaultConfigurationName = Release;
		};
		18BA19C721246A1900F44F3C /* Build configuration list for PBXNativeTarget "Tabs" */ = {
			isa = XCConfigurationList;
			buildConfigurations = (
				18BA19C821246A1900F44F3C /* Debug */,
				18BA19C921246A1900F44F3C /* Release */,
			);
			defaultConfigurationIsVisible = 0;
			defaultConfigurationName = Release;
		};
		18BA19CA21246A1900F44F3C /* Build configuration list for PBXNativeTarget "TabsTests" */ = {
			isa = XCConfigurationList;
			buildConfigurations = (
				18BA19CB21246A1900F44F3C /* Debug */,
				18BA19CC21246A1900F44F3C /* Release */,
			);
			defaultConfigurationIsVisible = 0;
			defaultConfigurationName = Release;
		};
		18BA19CD21246A1900F44F3C /* Build configuration list for PBXNativeTarget "TabsUITests" */ = {
			isa = XCConfigurationList;
			buildConfigurations = (
				18BA19CE21246A1900F44F3C /* Debug */,
				18BA19CF21246A1900F44F3C /* Release */,
			);
			defaultConfigurationIsVisible = 0;
			defaultConfigurationName = Release;
		};
/* End XCConfigurationList section */

/* Begin XCVersionGroup section */
		18BA19A621246A1700F44F3C /* Tabs.xcdatamodeld */ = {
			isa = XCVersionGroup;
			children = (
				18BA19A721246A1700F44F3C /* Tabs.xcdatamodel */,
			);
			currentVersion = 18BA19A721246A1700F44F3C /* Tabs.xcdatamodel */;
			path = Tabs.xcdatamodeld;
			sourceTree = "<group>";
			versionGroupType = wrapper.xcdatamodel;
		};
/* End XCVersionGroup section */
	};
	rootObject = 18BA199421246A1700F44F3C /* Project object */;
}
